
Microsoft Visual Studio Solution File, Format Version 12.00
# Visual Studio Version 17
VisualStudioVersion = 17.2.32630.192
MinimumVisualStudioVersion = 10.0.40219.1
Project("{FAE04EC0-301F-11D3-BF4B-00C04F79EFBC}") = "PraktikaO 4", "PraktikaO 4\PraktikaO 4.csproj", "{65E1A65C-80CF-45A0-A09E-41A24E69161C}"
EndProject
Global
	GlobalSection(SolutionConfigurationPlatforms) = preSolution
		Debug|Any CPU = Debug|Any CPU
		Release|Any CPU = Release|Any CPU
	EndGlobalSection
	GlobalSection(ProjectConfigurationPlatforms) = postSolution
		{65E1A65C-80CF-45A0-A09E-41A24E69161C}.Debug|Any CPU.ActiveCfg = Debug|Any CPU
		{65E1A65C-80CF-45A0-A09E-41A24E69161C}.Debug|Any CPU.Build.0 = Debug|Any CPU
		{65E1A65C-80CF-45A0-A09E-41A24E69161C}.Release|Any CPU.ActiveCfg = Release|Any CPU
		{65E1A65C-80CF-45A0-A09E-41A24E69161C}.Release|Any CPU.Build.0 = Release|Any CPU
	EndGlobalSection
	GlobalSection(SolutionProperties) = preSolution
		HideSolutionNode = FALSE
	EndGlobalSection
	GlobalSection(ExtensibilityGlobals) = postSolution
		SolutionGuid = {1662AB4A-D4C6-4C7E-AFF6-5F046257B188}
	EndGlobalSection
EndGlobal
