
Microsoft Visual Studio Solution File, Format Version 12.00
# Visual Studio Version 17
VisualStudioVersion = 17.2.32630.192
MinimumVisualStudioVersion = 10.0.40219.1
Project("{FAE04EC0-301F-11D3-BF4B-00C04F79EFBC}") = "XAXslab", "XAXslab\XAXslab.csproj", "{9023A413-8CF6-4CC0-A1F5-DAFE4BB3ABA8}"
EndProject
Global
	GlobalSection(SolutionConfigurationPlatforms) = preSolution
		Debug|Any CPU = Debug|Any CPU
		Release|Any CPU = Release|Any CPU
	EndGlobalSection
	GlobalSection(ProjectConfigurationPlatforms) = postSolution
		{9023A413-8CF6-4CC0-A1F5-DAFE4BB3ABA8}.Debug|Any CPU.ActiveCfg = Debug|Any CPU
		{9023A413-8CF6-4CC0-A1F5-DAFE4BB3ABA8}.Debug|Any CPU.Build.0 = Debug|Any CPU
		{9023A413-8CF6-4CC0-A1F5-DAFE4BB3ABA8}.Release|Any CPU.ActiveCfg = Release|Any CPU
		{9023A413-8CF6-4CC0-A1F5-DAFE4BB3ABA8}.Release|Any CPU.Build.0 = Release|Any CPU
	EndGlobalSection
	GlobalSection(SolutionProperties) = preSolution
		HideSolutionNode = FALSE
	EndGlobalSection
	GlobalSection(ExtensibilityGlobals) = postSolution
		SolutionGuid = {DDC64C03-59A9-49F5-B83D-66486BCCD190}
	EndGlobalSection
EndGlobal
